
Microsoft Visual Studio Solution File, Format Version 12.00
# Visual Studio 15
VisualStudioVersion = 15.0.28010.2036
MinimumVisualStudioVersion = 10.0.40219.1
Project("{FAE04EC0-301F-11D3-BF4B-00C04F79EFBC}") = "Management_System_2", "Management_System_2\Management_System_2.csproj", "{4CD0D9A7-80FE-4AA9-A0E7-6502955CD75A}"
EndProject
Global
	GlobalSection(SolutionConfigurationPlatforms) = preSolution
		Debug|Any CPU = Debug|Any CPU
		Release|Any CPU = Release|Any CPU
	EndGlobalSection
	GlobalSection(ProjectConfigurationPlatforms) = postSolution
		{4CD0D9A7-80FE-4AA9-A0E7-6502955CD75A}.Debug|Any CPU.ActiveCfg = Debug|Any CPU
		{4CD0D9A7-80FE-4AA9-A0E7-6502955CD75A}.Debug|Any CPU.Build.0 = Debug|Any CPU
		{4CD0D9A7-80FE-4AA9-A0E7-6502955CD75A}.Release|Any CPU.ActiveCfg = Release|Any CPU
		{4CD0D9A7-80FE-4AA9-A0E7-6502955CD75A}.Release|Any CPU.Build.0 = Release|Any CPU
	EndGlobalSection
	GlobalSection(SolutionProperties) = preSolution
		HideSolutionNode = FALSE
	EndGlobalSection
	GlobalSection(ExtensibilityGlobals) = postSolution
		SolutionGuid = {6104E671-E15C-465A-937F-BA9E972A3CF0}
	EndGlobalSection
EndGlobal
